
Microsoft Visual Studio Solution File, Format Version 12.00
# Visual Studio Express 2012 for Windows Desktop
Project("{8BC9CEB8-8B4A-11D0-8D11-00A0C91BC942}") = "di_test", "di_test.vcxproj", "{8FDCEA13-893E-4CE5-BE34-F326D5CB6F48}"
EndProject
Project("{8BC9CEB8-8B4A-11D0-8D11-00A0C91BC942}") = "di_example", "di_example.vcxproj", "{BCF53BD5-2434-47AF-B65D-1E0EABDB627B}"
EndProject
Global
	GlobalSection(SolutionConfigurationPlatforms) = preSolution
		Debug|Win32 = Debug|Win32
		Release|Win32 = Release|Win32
	EndGlobalSection
	GlobalSection(ProjectConfigurationPlatforms) = postSolution
		{8FDCEA13-893E-4CE5-BE34-F326D5CB6F48}.Debug|Win32.ActiveCfg = Debug|Win32
		{8FDCEA13-893E-4CE5-BE34-F326D5CB6F48}.Debug|Win32.Build.0 = Debug|Win32
		{8FDCEA13-893E-4CE5-BE34-F326D5CB6F48}.Release|Win32.ActiveCfg = Release|Win32
		{8FDCEA13-893E-4CE5-BE34-F326D5CB6F48}.Release|Win32.Build.0 = Release|Win32
		{BCF53BD5-2434-47AF-B65D-1E0EABDB627B}.Debug|Win32.ActiveCfg = Debug|Win32
		{BCF53BD5-2434-47AF-B65D-1E0EABDB627B}.Debug|Win32.Build.0 = Debug|Win32
		{BCF53BD5-2434-47AF-B65D-1E0EABDB627B}.Release|Win32.ActiveCfg = Release|Win32
		{BCF53BD5-2434-47AF-B65D-1E0EABDB627B}.Release|Win32.Build.0 = Release|Win32
	EndGlobalSection
	GlobalSection(SolutionProperties) = preSolution
		HideSolutionNode = FALSE
	EndGlobalSection
EndGlobal
